// !$*UTF8*$!
{
	archiveVersion = 1;
	classes = {
	};
	objectVersion = 50;
	objects = {

/* Begin PBXBuildFile section */
		7E545F1321372F3500303540 /* AppDelegate.swift in Sources */ = {isa = PBXBuildFile; fileRef = 7E545F1221372F3500303540 /* AppDelegate.swift */; };
		7E545F1821372F3500303540 /* Main.storyboard in Resources */ = {isa = PBXBuildFile; fileRef = 7E545F1621372F3500303540 /* Main.storyboard */; };
		7E545F1A21372F3A00303540 /* Assets.xcassets in Resources */ = {isa = PBXBuildFile; fileRef = 7E545F1921372F3A00303540 /* Assets.xcassets */; };
		7E545F1D21372F3A00303540 /* LaunchScreen.storyboard in Resources */ = {isa = PBXBuildFile; fileRef = 7E545F1B21372F3A00303540 /* LaunchScreen.storyboard */; };
		7E545F272137336300303540 /* ToDoList.xcdatamodeld in Sources */ = {isa = PBXBuildFile; fileRef = 7E545F252137336300303540 /* ToDoList.xcdatamodeld */; };
		7E545F2B213734E500303540 /* ToDoListTableViewController.swift in Sources */ = {isa = PBXBuildFile; fileRef = 7E545F2A213734E500303540 /* ToDoListTableViewController.swift */; };
		7E545F2D2137350000303540 /* DetailedTaskTableViewController.swift in Sources */ = {isa = PBXBuildFile; fileRef = 7E545F2C2137350000303540 /* DetailedTaskTableViewController.swift */; };
		7E545F2F213735EF00303540 /* ButtonTableViewCell.swift in Sources */ = {isa = PBXBuildFile; fileRef = 7E545F2E213735EF00303540 /* ButtonTableViewCell.swift */; };
		7E545F3221373E2A00303540 /* ModelController.swift in Sources */ = {isa = PBXBuildFile; fileRef = 7E545F3121373E2A00303540 /* ModelController.swift */; };
		7E545F34213740E200303540 /* CoreDataStack.swift in Sources */ = {isa = PBXBuildFile; fileRef = 7E545F33213740E200303540 /* CoreDataStack.swift */; };
		7E545F36213755EA00303540 /* Task+Convenience.swift in Sources */ = {isa = PBXBuildFile; fileRef = 7E545F35213755EA00303540 /* Task+Convenience.swift */; };
/* End PBXBuildFile section */

/* Begin PBXFileReference section */
		7E545F0F21372F3500303540 /* ToDoList.app */ = {isa = PBXFileReference; explicitFileType = wrapper.application; includeInIndex = 0; path = ToDoList.app; sourceTree = BUILT_PRODUCTS_DIR; };
		7E545F1221372F3500303540 /* AppDelegate.swift */ = {isa = PBXFileReference; lastKnownFileType = sourcecode.swift; path = AppDelegate.swift; sourceTree = "<group>"; };
		7E545F1721372F3500303540 /* Base */ = {isa = PBXFileReference; lastKnownFileType = file.storyboard; name = Base; path = Base.lproj/Main.storyboard; sourceTree = "<group>"; };
		7E545F1921372F3A00303540 /* Assets.xcassets */ = {isa = PBXFileReference; lastKnownFileType = folder.assetcatalog; path = Assets.xcassets; sourceTree = "<group>"; };
		7E545F1C21372F3A00303540 /* Base */ = {isa = PBXFileReference; lastKnownFileType = file.storyboard; name = Base; path = Base.lproj/LaunchScreen.storyboard; sourceTree = "<group>"; };
		7E545F1E21372F3A00303540 /* Info.plist */ = {isa = PBXFileReference; lastKnownFileType = text.plist.xml; path = Info.plist; sourceTree = "<group>"; };
		7E545F262137336300303540 /* ToDoList.xcdatamodel */ = {isa = PBXFileReference; lastKnownFileType = wrapper.xcdatamodel; path = ToDoList.xcdatamodel; sourceTree = "<group>"; };
		7E545F2A213734E500303540 /* ToDoListTableViewController.swift */ = {isa = PBXFileReference; lastKnownFileType = sourcecode.swift; path = ToDoListTableViewController.swift; sourceTree = "<group>"; };
		7E545F2C2137350000303540 /* DetailedTaskTableViewController.swift */ = {isa = PBXFileReference; lastKnownFileType = sourcecode.swift; path = DetailedTaskTableViewController.swift; sourceTree = "<group>"; };
		7E545F2E213735EF00303540 /* ButtonTableViewCell.swift */ = {isa = PBXFileReference; lastKnownFileType = sourcecode.swift; path = ButtonTableViewCell.swift; sourceTree = "<group>"; };
		7E545F3121373E2A00303540 /* ModelController.swift */ = {isa = PBXFileReference; lastKnownFileType = sourcecode.swift; path = ModelController.swift; sourceTree = "<group>"; };
		7E545F33213740E200303540 /* CoreDataStack.swift */ = {isa = PBXFileReference; lastKnownFileType = sourcecode.swift; path = CoreDataStack.swift; sourceTree = "<group>"; };
		7E545F35213755EA00303540 /* Task+Convenience.swift */ = {isa = PBXFileReference; lastKnownFileType = sourcecode.swift; path = "Task+Convenience.swift"; sourceTree = "<group>"; };
/* End PBXFileReference section */

/* Begin PBXFrameworksBuildPhase section */
		7E545F0C21372F3500303540 /* Frameworks */ = {
			isa = PBXFrameworksBuildPhase;
			buildActionMask = 2147483647;
			files = (
			);
			runOnlyForDeploymentPostprocessing = 0;
		};
/* End PBXFrameworksBuildPhase section */

/* Begin PBXGroup section */
		7E545F0621372F3500303540 = {
			isa = PBXGroup;
			children = (
				7E545F29213734C200303540 /* Views */,
				7E545F282137345F00303540 /* Models */,
				7E545F242137334300303540 /* ViewControllers */,
				7E545F3021373E0900303540 /* ModelControllers */,
				7E545F1121372F3500303540 /* ToDoList */,
				7E545F1021372F3500303540 /* Products */,
			);
			sourceTree = "<group>";
		};
		7E545F1021372F3500303540 /* Products */ = {
			isa = PBXGroup;
			children = (
				7E545F0F21372F3500303540 /* ToDoList.app */,
			);
			name = Products;
			sourceTree = "<group>";
		};
		7E545F1121372F3500303540 /* ToDoList */ = {
			isa = PBXGroup;
			children = (
				7E545F1221372F3500303540 /* AppDelegate.swift */,
				7E545F1621372F3500303540 /* Main.storyboard */,
				7E545F1921372F3A00303540 /* Assets.xcassets */,
				7E545F1B21372F3A00303540 /* LaunchScreen.storyboard */,
				7E545F1E21372F3A00303540 /* Info.plist */,
			);
			path = ToDoList;
			sourceTree = "<group>";
		};
		7E545F242137334300303540 /* ViewControllers */ = {
			isa = PBXGroup;
			children = (
				7E545F2A213734E500303540 /* ToDoListTableViewController.swift */,
				7E545F2C2137350000303540 /* DetailedTaskTableViewController.swift */,
			);
			path = ViewControllers;
			sourceTree = "<group>";
		};
		7E545F282137345F00303540 /* Models */ = {
			isa = PBXGroup;
			children = (
				7E545F252137336300303540 /* ToDoList.xcdatamodeld */,
				7E545F33213740E200303540 /* CoreDataStack.swift */,
				7E545F35213755EA00303540 /* Task+Convenience.swift */,
			);
			path = Models;
			sourceTree = "<group>";
		};
		7E545F29213734C200303540 /* Views */ = {
			isa = PBXGroup;
			children = (
				7E545F2E213735EF00303540 /* ButtonTableViewCell.swift */,
			);
			path = Views;
			sourceTree = "<group>";
		};
		7E545F3021373E0900303540 /* ModelControllers */ = {
			isa = PBXGroup;
			children = (
				7E545F3121373E2A00303540 /* ModelController.swift */,
			);
			path = ModelControllers;
			sourceTree = "<group>";
		};
/* End PBXGroup section */

/* Begin PBXNativeTarget section */
		7E545F0E21372F3500303540 /* ToDoList */ = {
			isa = PBXNativeTarget;
			buildConfigurationList = 7E545F2121372F3A00303540 /* Build configuration list for PBXNativeTarget "ToDoList" */;
			buildPhases = (
				7E545F0B21372F3500303540 /* Sources */,
				7E545F0C21372F3500303540 /* Frameworks */,
				7E545F0D21372F3500303540 /* Resources */,
			);
			buildRules = (
			);
			dependencies = (
			);
			name = ToDoList;
			productName = ToDoList;
			productReference = 7E545F0F21372F3500303540 /* ToDoList.app */;
			productType = "com.apple.product-type.application";
		};
/* End PBXNativeTarget section */

/* Begin PBXProject section */
		7E545F0721372F3500303540 /* Project object */ = {
			isa = PBXProject;
			attributes = {
				LastSwiftUpdateCheck = 0940;
				LastUpgradeCheck = 0940;
				ORGANIZATIONNAME = "Levi Linchenko";
				TargetAttributes = {
					7E545F0E21372F3500303540 = {
						CreatedOnToolsVersion = 9.4.1;
					};
				};
			};
			buildConfigurationList = 7E545F0A21372F3500303540 /* Build configuration list for PBXProject "ToDoList" */;
			compatibilityVersion = "Xcode 9.3";
			developmentRegion = en;
			hasScannedForEncodings = 0;
			knownRegions = (
				en,
				Base,
			);
			mainGroup = 7E545F0621372F3500303540;
			productRefGroup = 7E545F1021372F3500303540 /* Products */;
			projectDirPath = "";
			projectRoot = "";
			targets = (
				7E545F0E21372F3500303540 /* ToDoList */,
			);
		};
/* End PBXProject section */

/* Begin PBXResourcesBuildPhase section */
		7E545F0D21372F3500303540 /* Resources */ = {
			isa = PBXResourcesBuildPhase;
			buildActionMask = 2147483647;
			files = (
				7E545F1D21372F3A00303540 /* LaunchScreen.storyboard in Resources */,
				7E545F1A21372F3A00303540 /* Assets.xcassets in Resources */,
				7E545F1821372F3500303540 /* Main.storyboard in Resources */,
			);
			runOnlyForDeploymentPostprocessing = 0;
		};
/* End PBXResourcesBuildPhase section */

/* Begin PBXSourcesBuildPhase section */
		7E545F0B21372F3500303540 /* Sources */ = {
			isa = PBXSourcesBuildPhase;
			buildActionMask = 2147483647;
			files = (
				7E545F2D2137350000303540 /* DetailedTaskTableViewController.swift in Sources */,
				7E545F36213755EA00303540 /* Task+Convenience.swift in Sources */,
				7E545F272137336300303540 /* ToDoList.xcdatamodeld in Sources */,
				7E545F1321372F3500303540 /* AppDelegate.swift in Sources */,
				7E545F2B213734E500303540 /* ToDoListTableViewController.swift in Sources */,
				7E545F3221373E2A00303540 /* ModelController.swift in Sources */,
				7E545F2F213735EF00303540 /* ButtonTableViewCell.swift in Sources */,
				7E545F34213740E200303540 /* CoreDataStack.swift in Sources */,
			);
			runOnlyForDeploymentPostprocessing = 0;
		};
/* End PBXSourcesBuildPhase section */

/* Begin PBXVariantGroup section */
		7E545F1621372F3500303540 /* Main.storyboard */ = {
			isa = PBXVariantGroup;
			children = (
				7E545F1721372F3500303540 /* Base */,
			);
			name = Main.storyboard;
			sourceTree = "<group>";
		};
		7E545F1B21372F3A00303540 /* LaunchScreen.storyboard */ = {
			isa = PBXVariantGroup;
			children = (
				7E545F1C21372F3A00303540 /* Base */,
			);
			name = LaunchScreen.storyboard;
			sourceTree = "<group>";
		};
/* End PBXVariantGroup section */

/* Begin XCBuildConfiguration section */
		7E545F1F21372F3A00303540 /* Debug */ = {
			isa = XCBuildConfiguration;
			buildSettings = {
				ALWAYS_SEARCH_USER_PATHS = NO;
				CLANG_ANALYZER_NONNULL = YES;
				CLANG_ANALYZER_NUMBER_OBJECT_CONVERSION = YES_AGGRESSIVE;
				CLANG_CXX_LANGUAGE_STANDARD = "gnu++14";
				CLANG_CXX_LIBRARY = "libc++";
				CLANG_ENABLE_MODULES = YES;
				CLANG_ENABLE_OBJC_ARC = YES;
				CLANG_ENABLE_OBJC_WEAK = YES;
				CLANG_WARN_BLOCK_CAPTURE_AUTORELEASING = YES;
				CLANG_WARN_BOOL_CONVERSION = YES;
				CLANG_WARN_COMMA = YES;
				CLANG_WARN_CONSTANT_CONVERSION = YES;
				CLANG_WARN_DEPRECATED_OBJC_IMPLEMENTATIONS = YES;
				CLANG_WARN_DIRECT_OBJC_ISA_USAGE = YES_ERROR;
				CLANG_WARN_DOCUMENTATION_COMMENTS = YES;
				CLANG_WARN_EMPTY_BODY = YES;
				CLANG_WARN_ENUM_CONVERSION = YES;
				CLANG_WARN_INFINITE_RECURSION = YES;
				CLANG_WARN_INT_CONVERSION = YES;
				CLANG_WARN_NON_LITERAL_NULL_CONVERSION = YES;
				CLANG_WARN_OBJC_IMPLICIT_RETAIN_SELF = YES;
				CLANG_WARN_OBJC_LITERAL_CONVERSION = YES;
				CLANG_WARN_OBJC_ROOT_CLASS = YES_ERROR;
				CLANG_WARN_RANGE_LOOP_ANALYSIS = YES;
				CLANG_WARN_STRICT_PROTOTYPES = YES;
				CLANG_WARN_SUSPICIOUS_MOVE = YES;
				CLANG_WARN_UNGUARDED_AVAILABILITY = YES_AGGRESSIVE;
				CLANG_WARN_UNREACHABLE_CODE = YES;
				CLANG_WARN__DUPLICATE_METHOD_MATCH = YES;
				CODE_SIGN_IDENTITY = "iPhone Developer";
				COPY_PHASE_STRIP = NO;
				DEBUG_INFORMATION_FORMAT = dwarf;
				ENABLE_STRICT_OBJC_MSGSEND = YES;
				ENABLE_TESTABILITY = YES;
				GCC_C_LANGUAGE_STANDARD = gnu11;
				GCC_DYNAMIC_NO_PIC = NO;
				GCC_NO_COMMON_BLOCKS = YES;
				GCC_OPTIMIZATION_LEVEL = 0;
				GCC_PREPROCESSOR_DEFINITIONS = (
					"DEBUG=1",
					"$(inherited)",
				);
				GCC_WARN_64_TO_32_BIT_CONVERSION = YES;
				GCC_WARN_ABOUT_RETURN_TYPE = YES_ERROR;
				GCC_WARN_UNDECLARED_SELECTOR = YES;
				GCC_WARN_UNINITIALIZED_AUTOS = YES_AGGRESSIVE;
				GCC_WARN_UNUSED_FUNCTION = YES;
				GCC_WARN_UNUSED_VARIABLE = YES;
				IPHONEOS_DEPLOYMENT_TARGET = 11.4;
				MTL_ENABLE_DEBUG_INFO = YES;
				ONLY_ACTIVE_ARCH = YES;
				SDKROOT = iphoneos;
				SWIFT_ACTIVE_COMPILATION_CONDITIONS = DEBUG;
				SWIFT_OPTIMIZATION_LEVEL = "-Onone";
			};
			name = Debug;
		};
		7E545F2021372F3A00303540 /* Release */ = {
			isa = XCBuildConfiguration;
			buildSettings = {
				ALWAYS_SEARCH_USER_PATHS = NO;
				CLANG_ANALYZER_NONNULL = YES;
				CLANG_ANALYZER_NUMBER_OBJECT_CONVERSION = YES_AGGRESSIVE;
				CLANG_CXX_LANGUAGE_STANDARD = "gnu++14";
				CLANG_CXX_LIBRARY = "libc++";
				CLANG_ENABLE_MODULES = YES;
				CLANG_ENABLE_OBJC_ARC = YES;
				CLANG_ENABLE_OBJC_WEAK = YES;
				CLANG_WARN_BLOCK_CAPTURE_AUTORELEASING = YES;
				CLANG_WARN_BOOL_CONVERSION = YES;
				CLANG_WARN_COMMA = YES;
				CLANG_WARN_CONSTANT_CONVERSION = YES;
				CLANG_WARN_DEPRECATED_OBJC_IMPLEMENTATIONS = YES;
				CLANG_WARN_DIRECT_OBJC_ISA_USAGE = YES_ERROR;
				CLANG_WARN_DOCUMENTATION_COMMENTS = YES;
				CLANG_WARN_EMPTY_BODY = YES;
				CLANG_WARN_ENUM_CONVERSION = YES;
				CLANG_WARN_INFINITE_RECURSION = YES;
				CLANG_WARN_INT_CONVERSION = YES;
				CLANG_WARN_NON_LITERAL_NULL_CONVERSION = YES;
				CLANG_WARN_OBJC_IMPLICIT_RETAIN_SELF = YES;
				CLANG_WARN_OBJC_LITERAL_CONVERSION = YES;
				CLANG_WARN_OBJC_ROOT_CLASS = YES_ERROR;
				CLANG_WARN_RANGE_LOOP_ANALYSIS = YES;
				CLANG_WARN_STRICT_PROTOTYPES = YES;
				CLANG_WARN_SUSPICIOUS_MOVE = YES;
				CLANG_WARN_UNGUARDED_AVAILABILITY = YES_AGGRESSIVE;
				CLANG_WARN_UNREACHABLE_CODE = YES;
				CLANG_WARN__DUPLICATE_METHOD_MATCH = YES;
				CODE_SIGN_IDENTITY = "iPhone Developer";
				COPY_PHASE_STRIP = NO;
				DEBUG_INFORMATION_FORMAT = "dwarf-with-dsym";
				ENABLE_NS_ASSERTIONS = NO;
				ENABLE_STRICT_OBJC_MSGSEND = YES;
				GCC_C_LANGUAGE_STANDARD = gnu11;
				GCC_NO_COMMON_BLOCKS = YES;
				GCC_WARN_64_TO_32_BIT_CONVERSION = YES;
				GCC_WARN_ABOUT_RETURN_TYPE = YES_ERROR;
				GCC_WARN_UNDECLARED_SELECTOR = YES;
				GCC_WARN_UNINITIALIZED_AUTOS = YES_AGGRESSIVE;
				GCC_WARN_UNUSED_FUNCTION = YES;
				GCC_WARN_UNUSED_VARIABLE = YES;
				IPHONEOS_DEPLOYMENT_TARGET = 11.4;
				MTL_ENABLE_DEBUG_INFO = NO;
				SDKROOT = iphoneos;
				SWIFT_COMPILATION_MODE = wholemodule;
				SWIFT_OPTIMIZATION_LEVEL = "-O";
				VALIDATE_PRODUCT = YES;
			};
			name = Release;
		};
		7E545F2221372F3A00303540 /* Debug */ = {
			isa = XCBuildConfiguration;
			buildSettings = {
				ASSETCATALOG_COMPILER_APPICON_NAME = AppIcon;
				CODE_SIGN_STYLE = Automatic;
				DEVELOPMENT_TEAM = ASRKL3D2BB;
				INFOPLIST_FILE = ToDoList/Info.plist;
				LD_RUNPATH_SEARCH_PATHS = (
					"$(inherited)",
					"@executable_path/Frameworks",
				);
				PRODUCT_BUNDLE_IDENTIFIER = com.goophones.ToDoList;
				PRODUCT_NAME = "$(TARGET_NAME)";
				SWIFT_VERSION = 4.0;
				TARGETED_DEVICE_FAMILY = "1,2";
			};
			name = Debug;
		};
		7E545F2321372F3A00303540 /* Release */ = {
			isa = XCBuildConfiguration;
			buildSettings = {
				ASSETCATALOG_COMPILER_APPICON_NAME = AppIcon;
				CODE_SIGN_STYLE = Automatic;
				DEVELOPMENT_TEAM = ASRKL3D2BB;
				INFOPLIST_FILE = ToDoList/Info.plist;
				LD_RUNPATH_SEARCH_PATHS = (
					"$(inherited)",
					"@executable_path/Frameworks",
				);
				PRODUCT_BUNDLE_IDENTIFIER = com.goophones.ToDoList;
				PRODUCT_NAME = "$(TARGET_NAME)";
				SWIFT_VERSION = 4.0;
				TARGETED_DEVICE_FAMILY = "1,2";
			};
			name = Release;
		};
/* End XCBuildConfiguration section */

/* Begin XCConfigurationList section */
		7E545F0A21372F3500303540 /* Build configuration list for PBXProject "ToDoList" */ = {
			isa = XCConfigurationList;
			buildConfigurations = (
				7E545F1F21372F3A00303540 /* Debug */,
				7E545F2021372F3A00303540 /* Release */,
			);
			defaultConfigurationIsVisible = 0;
			defaultConfigurationName = Release;
		};
		7E545F2121372F3A00303540 /* Build configuration list for PBXNativeTarget "ToDoList" */ = {
			isa = XCConfigurationList;
			buildConfigurations = (
				7E545F2221372F3A00303540 /* Debug */,
				7E545F2321372F3A00303540 /* Release */,
			);
			defaultConfigurationIsVisible = 0;
			defaultConfigurationName = Release;
		};
/* End XCConfigurationList section */

/* Begin XCVersionGroup section */
		7E545F252137336300303540 /* ToDoList.xcdatamodeld */ = {
			isa = XCVersionGroup;
			children = (
				7E545F262137336300303540 /* ToDoList.xcdatamodel */,
			);
			currentVersion = 7E545F262137336300303540 /* ToDoList.xcdatamodel */;
			path = ToDoList.xcdatamodeld;
			sourceTree = "<group>";
			versionGroupType = wrapper.xcdatamodel;
		};
/* End XCVersionGroup section */
	};
	rootObject = 7E545F0721372F3500303540 /* Project object */;
}
